
Microsoft Visual Studio Solution File, Format Version 12.00
# Visual Studio Version 17
VisualStudioVersion = 17.14.36310.24
MinimumVisualStudioVersion = 10.0.40219.1
Project("{FAE04EC0-301F-11D3-BF4B-00C04F79EFBC}") = "IEnumerable_Ejemplos", "IEnumerable_Ejemplos\IEnumerable_Ejemplos.csproj", "{C77EA72B-CDC3-4F23-B378-A5F820FC5205}"
EndProject
Project("{2150E333-8FDC-42A3-9474-1A3956D46DE8}") = "DataTable", "DataTable", "{02EA681E-C7D8-13C7-8484-4AC65E1B71E8}"
EndProject
Project("{2150E333-8FDC-42A3-9474-1A3956D46DE8}") = "IEnumerable", "IEnumerable", "{B6FB29A0-20C7-4FA4-8D63-05294303061C}"
EndProject
Project("{FAE04EC0-301F-11D3-BF4B-00C04F79EFBC}") = "IEnumerable_Ejemplo_1_Select", "IEnumerable_Ejemplo_Select\IEnumerable_Ejemplo_1_Select.csproj", "{3D47F4F2-FF74-4AF0-89F9-F796CF82DC53}"
EndProject
Project("{FAE04EC0-301F-11D3-BF4B-00C04F79EFBC}") = "IEnumerable_Ejemplo_2_Select", "IEnumerable_Ejemplo_2_Select\IEnumerable_Ejemplo_2_Select.csproj", "{F374C4CD-8D3F-4D11-B5CB-35F8E36EE232}"
EndProject
Project("{FAE04EC0-301F-11D3-BF4B-00C04F79EFBC}") = "IEnumerable_Ejemplo_1_where", "IEnumerable_Ejemplo_1_where\IEnumerable_Ejemplo_1_where.csproj", "{6381853B-88AD-4481-A5A9-D04F45B04FF6}"
EndProject
Project("{2150E333-8FDC-42A3-9474-1A3956D46DE8}") = "select", "select", "{8035C53A-22CB-4E2D-B54F-21042E99B138}"
EndProject
Project("{2150E333-8FDC-42A3-9474-1A3956D46DE8}") = "where", "where", "{67470C37-C784-4538-A3E7-B0A60650456E}"
EndProject
Project("{FAE04EC0-301F-11D3-BF4B-00C04F79EFBC}") = "IEnumerable_Ejemplo_2_where", "IEnumerable_Ejemplo_2_where\IEnumerable_Ejemplo_2_where.csproj", "{63EA2672-B58E-41EB-AC11-C88315664AA6}"
EndProject
Project("{2150E333-8FDC-42A3-9474-1A3956D46DE8}") = "orderby", "orderby", "{89A560E6-FB00-451D-A6BB-2F74B5BCD181}"
EndProject
Project("{FAE04EC0-301F-11D3-BF4B-00C04F79EFBC}") = "IEnumerable_Ejemplo_1_orderby_asc", "IEnumerable_Ejemplo_1_orderby_asc\IEnumerable_Ejemplo_1_orderby_asc.csproj", "{10287C81-35EE-48B0-A2A6-57A815D735EF}"
EndProject
Project("{FAE04EC0-301F-11D3-BF4B-00C04F79EFBC}") = "IEnumerable_Ejemplo_1_orderby_desc", "IEnumerable_Ejemplo_1_orderby_desc\IEnumerable_Ejemplo_1_orderby_desc.csproj", "{2CCCAD7D-6110-434B-B6B8-627C59FDA763}"
EndProject
Project("{2150E333-8FDC-42A3-9474-1A3956D46DE8}") = "groupby", "groupby", "{9682F0E1-61FC-4E00-8319-9F9D952DB769}"
EndProject
Project("{FAE04EC0-301F-11D3-BF4B-00C04F79EFBC}") = "IEnumerable_Ejemplo1_groupby", "IEnumerable_Ejemplo1_groupby\IEnumerable_Ejemplo1_groupby.csproj", "{A1947244-6DFC-4DEB-8EFA-D5402AD89728}"
EndProject
Project("{FAE04EC0-301F-11D3-BF4B-00C04F79EFBC}") = "IEnumerable_Ejemplo2_groupby", "IEnumerable_Ejemplo2_groupby\IEnumerable_Ejemplo2_groupby.csproj", "{E0959357-C45D-4D91-A887-489F674955FD}"
EndProject
Project("{FAE04EC0-301F-11D3-BF4B-00C04F79EFBC}") = "Datable_Ejemplos", "Datable_Ejemplos\Datable_Ejemplos.csproj", "{F81ACE10-E37B-E9FD-E533-8364FB1BDF06}"
EndProject
Global
	GlobalSection(SolutionConfigurationPlatforms) = preSolution
		Debug|Any CPU = Debug|Any CPU
		Release|Any CPU = Release|Any CPU
	EndGlobalSection
	GlobalSection(ProjectConfigurationPlatforms) = postSolution
		{C77EA72B-CDC3-4F23-B378-A5F820FC5205}.Debug|Any CPU.ActiveCfg = Debug|Any CPU
		{C77EA72B-CDC3-4F23-B378-A5F820FC5205}.Debug|Any CPU.Build.0 = Debug|Any CPU
		{C77EA72B-CDC3-4F23-B378-A5F820FC5205}.Release|Any CPU.ActiveCfg = Release|Any CPU
		{C77EA72B-CDC3-4F23-B378-A5F820FC5205}.Release|Any CPU.Build.0 = Release|Any CPU
		{3D47F4F2-FF74-4AF0-89F9-F796CF82DC53}.Debug|Any CPU.ActiveCfg = Debug|Any CPU
		{3D47F4F2-FF74-4AF0-89F9-F796CF82DC53}.Debug|Any CPU.Build.0 = Debug|Any CPU
		{3D47F4F2-FF74-4AF0-89F9-F796CF82DC53}.Release|Any CPU.ActiveCfg = Release|Any CPU
		{3D47F4F2-FF74-4AF0-89F9-F796CF82DC53}.Release|Any CPU.Build.0 = Release|Any CPU
		{F374C4CD-8D3F-4D11-B5CB-35F8E36EE232}.Debug|Any CPU.ActiveCfg = Debug|Any CPU
		{F374C4CD-8D3F-4D11-B5CB-35F8E36EE232}.Debug|Any CPU.Build.0 = Debug|Any CPU
		{F374C4CD-8D3F-4D11-B5CB-35F8E36EE232}.Release|Any CPU.ActiveCfg = Release|Any CPU
		{F374C4CD-8D3F-4D11-B5CB-35F8E36EE232}.Release|Any CPU.Build.0 = Release|Any CPU
		{6381853B-88AD-4481-A5A9-D04F45B04FF6}.Debug|Any CPU.ActiveCfg = Debug|Any CPU
		{6381853B-88AD-4481-A5A9-D04F45B04FF6}.Debug|Any CPU.Build.0 = Debug|Any CPU
		{6381853B-88AD-4481-A5A9-D04F45B04FF6}.Release|Any CPU.ActiveCfg = Release|Any CPU
		{6381853B-88AD-4481-A5A9-D04F45B04FF6}.Release|Any CPU.Build.0 = Release|Any CPU
		{63EA2672-B58E-41EB-AC11-C88315664AA6}.Debug|Any CPU.ActiveCfg = Debug|Any CPU
		{63EA2672-B58E-41EB-AC11-C88315664AA6}.Debug|Any CPU.Build.0 = Debug|Any CPU
		{63EA2672-B58E-41EB-AC11-C88315664AA6}.Release|Any CPU.ActiveCfg = Release|Any CPU
		{63EA2672-B58E-41EB-AC11-C88315664AA6}.Release|Any CPU.Build.0 = Release|Any CPU
		{10287C81-35EE-48B0-A2A6-57A815D735EF}.Debug|Any CPU.ActiveCfg = Debug|Any CPU
		{10287C81-35EE-48B0-A2A6-57A815D735EF}.Debug|Any CPU.Build.0 = Debug|Any CPU
		{10287C81-35EE-48B0-A2A6-57A815D735EF}.Release|Any CPU.ActiveCfg = Release|Any CPU
		{10287C81-35EE-48B0-A2A6-57A815D735EF}.Release|Any CPU.Build.0 = Release|Any CPU
		{2CCCAD7D-6110-434B-B6B8-627C59FDA763}.Debug|Any CPU.ActiveCfg = Debug|Any CPU
		{2CCCAD7D-6110-434B-B6B8-627C59FDA763}.Debug|Any CPU.Build.0 = Debug|Any CPU
		{2CCCAD7D-6110-434B-B6B8-627C59FDA763}.Release|Any CPU.ActiveCfg = Release|Any CPU
		{2CCCAD7D-6110-434B-B6B8-627C59FDA763}.Release|Any CPU.Build.0 = Release|Any CPU
		{A1947244-6DFC-4DEB-8EFA-D5402AD89728}.Debug|Any CPU.ActiveCfg = Debug|Any CPU
		{A1947244-6DFC-4DEB-8EFA-D5402AD89728}.Debug|Any CPU.Build.0 = Debug|Any CPU
		{A1947244-6DFC-4DEB-8EFA-D5402AD89728}.Release|Any CPU.ActiveCfg = Release|Any CPU
		{A1947244-6DFC-4DEB-8EFA-D5402AD89728}.Release|Any CPU.Build.0 = Release|Any CPU
		{E0959357-C45D-4D91-A887-489F674955FD}.Debug|Any CPU.ActiveCfg = Debug|Any CPU
		{E0959357-C45D-4D91-A887-489F674955FD}.Debug|Any CPU.Build.0 = Debug|Any CPU
		{E0959357-C45D-4D91-A887-489F674955FD}.Release|Any CPU.ActiveCfg = Release|Any CPU
		{E0959357-C45D-4D91-A887-489F674955FD}.Release|Any CPU.Build.0 = Release|Any CPU
		{F81ACE10-E37B-E9FD-E533-8364FB1BDF06}.Debug|Any CPU.ActiveCfg = Debug|Any CPU
		{F81ACE10-E37B-E9FD-E533-8364FB1BDF06}.Debug|Any CPU.Build.0 = Debug|Any CPU
		{F81ACE10-E37B-E9FD-E533-8364FB1BDF06}.Release|Any CPU.ActiveCfg = Release|Any CPU
		{F81ACE10-E37B-E9FD-E533-8364FB1BDF06}.Release|Any CPU.Build.0 = Release|Any CPU
	EndGlobalSection
	GlobalSection(SolutionProperties) = preSolution
		HideSolutionNode = FALSE
	EndGlobalSection
	GlobalSection(NestedProjects) = preSolution
		{C77EA72B-CDC3-4F23-B378-A5F820FC5205} = {B6FB29A0-20C7-4FA4-8D63-05294303061C}
		{3D47F4F2-FF74-4AF0-89F9-F796CF82DC53} = {8035C53A-22CB-4E2D-B54F-21042E99B138}
		{F374C4CD-8D3F-4D11-B5CB-35F8E36EE232} = {8035C53A-22CB-4E2D-B54F-21042E99B138}
		{6381853B-88AD-4481-A5A9-D04F45B04FF6} = {67470C37-C784-4538-A3E7-B0A60650456E}
		{8035C53A-22CB-4E2D-B54F-21042E99B138} = {B6FB29A0-20C7-4FA4-8D63-05294303061C}
		{67470C37-C784-4538-A3E7-B0A60650456E} = {B6FB29A0-20C7-4FA4-8D63-05294303061C}
		{63EA2672-B58E-41EB-AC11-C88315664AA6} = {67470C37-C784-4538-A3E7-B0A60650456E}
		{89A560E6-FB00-451D-A6BB-2F74B5BCD181} = {B6FB29A0-20C7-4FA4-8D63-05294303061C}
		{10287C81-35EE-48B0-A2A6-57A815D735EF} = {89A560E6-FB00-451D-A6BB-2F74B5BCD181}
		{2CCCAD7D-6110-434B-B6B8-627C59FDA763} = {89A560E6-FB00-451D-A6BB-2F74B5BCD181}
		{9682F0E1-61FC-4E00-8319-9F9D952DB769} = {B6FB29A0-20C7-4FA4-8D63-05294303061C}
		{A1947244-6DFC-4DEB-8EFA-D5402AD89728} = {9682F0E1-61FC-4E00-8319-9F9D952DB769}
		{E0959357-C45D-4D91-A887-489F674955FD} = {9682F0E1-61FC-4E00-8319-9F9D952DB769}
		{F81ACE10-E37B-E9FD-E533-8364FB1BDF06} = {02EA681E-C7D8-13C7-8484-4AC65E1B71E8}
	EndGlobalSection
	GlobalSection(ExtensibilityGlobals) = postSolution
		SolutionGuid = {24B0A80E-A322-4A31-B5C1-77076CB3BA31}
	EndGlobalSection
EndGlobal
